
Microsoft Visual Studio Solution File, Format Version 12.00
# Visual Studio 15
Project("{FAE04EC0-301F-11D3-BF4B-00C04F79EFBC}") = "BestHTTP", "BestHTTP.csproj", "{F20ED35A-7A0B-CC05-7C13-8C18A017993E}"
EndProject
Project("{FAE04EC0-301F-11D3-BF4B-00C04F79EFBC}") = "Assembly-CSharp", "Assembly-CSharp.csproj", "{C53FFD69-9E65-507B-9768-92B953925F7A}"
EndProject
Global
	GlobalSection(SolutionConfigurationPlatforms) = preSolution
		Debug|Any CPU = Debug|Any CPU
		Release|Any CPU = Release|Any CPU
	EndGlobalSection
	GlobalSection(ProjectConfigurationPlatforms) = postSolution
		{F20ED35A-7A0B-CC05-7C13-8C18A017993E}.Debug|Any CPU.ActiveCfg = Debug|Any CPU
		{F20ED35A-7A0B-CC05-7C13-8C18A017993E}.Debug|Any CPU.Build.0 = Debug|Any CPU
		{F20ED35A-7A0B-CC05-7C13-8C18A017993E}.Release|Any CPU.ActiveCfg = Release|Any CPU
		{F20ED35A-7A0B-CC05-7C13-8C18A017993E}.Release|Any CPU.Build.0 = Release|Any CPU
		{C53FFD69-9E65-507B-9768-92B953925F7A}.Debug|Any CPU.ActiveCfg = Debug|Any CPU
		{C53FFD69-9E65-507B-9768-92B953925F7A}.Debug|Any CPU.Build.0 = Debug|Any CPU
		{C53FFD69-9E65-507B-9768-92B953925F7A}.Release|Any CPU.ActiveCfg = Release|Any CPU
		{C53FFD69-9E65-507B-9768-92B953925F7A}.Release|Any CPU.Build.0 = Release|Any CPU
	EndGlobalSection
	GlobalSection(SolutionProperties) = preSolution
		HideSolutionNode = FALSE
	EndGlobalSection
EndGlobal
